
Microsoft Visual Studio Solution File, Format Version 12.00
# Visual Studio Version 17
VisualStudioVersion = 17.1.32210.238
MinimumVisualStudioVersion = 10.0.40219.1
Project("{9A19103F-16F7-4668-BE54-9A1E7A4F7556}") = "SabreSprings.Brewing.Services", "SabreSprings.Brewing.Services\SabreSprings.Brewing.Services.csproj", "{200695C6-8E1C-4DD9-A7D4-4E076B09E26F}"
EndProject
Project("{9A19103F-16F7-4668-BE54-9A1E7A4F7556}") = "SabreSprings.Brewing.Data", "SabreSprings.Brewing.Data\SabreSprings.Brewing.Data.csproj", "{77EA5F01-06EA-4DF7-A945-A566A4306B2B}"
EndProject
Project("{9A19103F-16F7-4668-BE54-9A1E7A4F7556}") = "SabreSprings.Brewing.Models", "SabreSprings.Brewing.Models\SabreSprings.Brewing.Models.csproj", "{E5073F41-F5FB-4A8D-A9A4-9D847EA650DB}"
EndProject
Project("{2150E333-8FDC-42A3-9474-1A3956D46DE8}") = "TapListener", "TapListener", "{BD74DBF7-BAFD-4D33-84BD-9B6EA59CFC5D}"
	ProjectSection(SolutionItems) = preProject
		TapListener\flowmeter.py = TapListener\flowmeter.py
		TapListener\TapListener.py = TapListener\TapListener.py
		TapListener\TapListener.service = TapListener\TapListener.service
	EndProjectSection
EndProject
Project("{9A19103F-16F7-4668-BE54-9A1E7A4F7556}") = "SabreSprings.Brewing.BrewController.Api", "SabreSprings.Brewing.BrewController.Api\SabreSprings.Brewing.BrewController.Api.csproj", "{426F9C4E-4EC6-44F1-8C8F-5C904AC2A50B}"
EndProject
Project("{9A19103F-16F7-4668-BE54-9A1E7A4F7556}") = "SabreSprings.Brewing.Api", "SabreSprings.Brewing.Api\SabreSprings.Brewing.Api.csproj", "{A6006623-65F4-4518-8E22-C4C241474B40}"
EndProject
Project("{9A19103F-16F7-4668-BE54-9A1E7A4F7556}") = "SabreSprings.Brewing.BrewController.Services", "SabreSprings.Brewing.BrewController.Services\SabreSprings.Brewing.BrewController.Services.csproj", "{2D9F2755-6C32-4911-9945-2D3BAFA4BB3D}"
EndProject
Global
	GlobalSection(SolutionConfigurationPlatforms) = preSolution
		Debug|Any CPU = Debug|Any CPU
		Production|Any CPU = Production|Any CPU
		Release|Any CPU = Release|Any CPU
	EndGlobalSection
	GlobalSection(ProjectConfigurationPlatforms) = postSolution
		{200695C6-8E1C-4DD9-A7D4-4E076B09E26F}.Debug|Any CPU.ActiveCfg = Debug|Any CPU
		{200695C6-8E1C-4DD9-A7D4-4E076B09E26F}.Debug|Any CPU.Build.0 = Debug|Any CPU
		{200695C6-8E1C-4DD9-A7D4-4E076B09E26F}.Production|Any CPU.ActiveCfg = Production|Any CPU
		{200695C6-8E1C-4DD9-A7D4-4E076B09E26F}.Production|Any CPU.Build.0 = Production|Any CPU
		{200695C6-8E1C-4DD9-A7D4-4E076B09E26F}.Release|Any CPU.ActiveCfg = Release|Any CPU
		{200695C6-8E1C-4DD9-A7D4-4E076B09E26F}.Release|Any CPU.Build.0 = Release|Any CPU
		{77EA5F01-06EA-4DF7-A945-A566A4306B2B}.Debug|Any CPU.ActiveCfg = Debug|Any CPU
		{77EA5F01-06EA-4DF7-A945-A566A4306B2B}.Debug|Any CPU.Build.0 = Debug|Any CPU
		{77EA5F01-06EA-4DF7-A945-A566A4306B2B}.Production|Any CPU.ActiveCfg = Production|Any CPU
		{77EA5F01-06EA-4DF7-A945-A566A4306B2B}.Production|Any CPU.Build.0 = Production|Any CPU
		{77EA5F01-06EA-4DF7-A945-A566A4306B2B}.Release|Any CPU.ActiveCfg = Release|Any CPU
		{77EA5F01-06EA-4DF7-A945-A566A4306B2B}.Release|Any CPU.Build.0 = Release|Any CPU
		{E5073F41-F5FB-4A8D-A9A4-9D847EA650DB}.Debug|Any CPU.ActiveCfg = Debug|Any CPU
		{E5073F41-F5FB-4A8D-A9A4-9D847EA650DB}.Debug|Any CPU.Build.0 = Debug|Any CPU
		{E5073F41-F5FB-4A8D-A9A4-9D847EA650DB}.Production|Any CPU.ActiveCfg = Production|Any CPU
		{E5073F41-F5FB-4A8D-A9A4-9D847EA650DB}.Production|Any CPU.Build.0 = Production|Any CPU
		{E5073F41-F5FB-4A8D-A9A4-9D847EA650DB}.Release|Any CPU.ActiveCfg = Release|Any CPU
		{E5073F41-F5FB-4A8D-A9A4-9D847EA650DB}.Release|Any CPU.Build.0 = Release|Any CPU
		{426F9C4E-4EC6-44F1-8C8F-5C904AC2A50B}.Debug|Any CPU.ActiveCfg = Debug|Any CPU
		{426F9C4E-4EC6-44F1-8C8F-5C904AC2A50B}.Debug|Any CPU.Build.0 = Debug|Any CPU
		{426F9C4E-4EC6-44F1-8C8F-5C904AC2A50B}.Production|Any CPU.ActiveCfg = Production|Any CPU
		{426F9C4E-4EC6-44F1-8C8F-5C904AC2A50B}.Production|Any CPU.Build.0 = Production|Any CPU
		{426F9C4E-4EC6-44F1-8C8F-5C904AC2A50B}.Release|Any CPU.ActiveCfg = Release|Any CPU
		{426F9C4E-4EC6-44F1-8C8F-5C904AC2A50B}.Release|Any CPU.Build.0 = Release|Any CPU
		{A6006623-65F4-4518-8E22-C4C241474B40}.Debug|Any CPU.ActiveCfg = Debug|Any CPU
		{A6006623-65F4-4518-8E22-C4C241474B40}.Debug|Any CPU.Build.0 = Debug|Any CPU
		{A6006623-65F4-4518-8E22-C4C241474B40}.Production|Any CPU.ActiveCfg = Production|Any CPU
		{A6006623-65F4-4518-8E22-C4C241474B40}.Production|Any CPU.Build.0 = Production|Any CPU
		{A6006623-65F4-4518-8E22-C4C241474B40}.Release|Any CPU.ActiveCfg = Release|Any CPU
		{A6006623-65F4-4518-8E22-C4C241474B40}.Release|Any CPU.Build.0 = Release|Any CPU
		{2D9F2755-6C32-4911-9945-2D3BAFA4BB3D}.Debug|Any CPU.ActiveCfg = Debug|Any CPU
		{2D9F2755-6C32-4911-9945-2D3BAFA4BB3D}.Debug|Any CPU.Build.0 = Debug|Any CPU
		{2D9F2755-6C32-4911-9945-2D3BAFA4BB3D}.Production|Any CPU.ActiveCfg = Debug|Any CPU
		{2D9F2755-6C32-4911-9945-2D3BAFA4BB3D}.Production|Any CPU.Build.0 = Debug|Any CPU
		{2D9F2755-6C32-4911-9945-2D3BAFA4BB3D}.Release|Any CPU.ActiveCfg = Release|Any CPU
		{2D9F2755-6C32-4911-9945-2D3BAFA4BB3D}.Release|Any CPU.Build.0 = Release|Any CPU
	EndGlobalSection
	GlobalSection(SolutionProperties) = preSolution
		HideSolutionNode = FALSE
	EndGlobalSection
	GlobalSection(ExtensibilityGlobals) = postSolution
		SolutionGuid = {D39BD3F2-2D94-422F-847B-3644C3ABF487}
	EndGlobalSection
EndGlobal
