
Microsoft Visual Studio Solution File, Format Version 12.00
# Visual Studio Version 16
VisualStudioVersion = 16.0.29503.13
MinimumVisualStudioVersion = 10.0.40219.1
Project("{FAE04EC0-301F-11D3-BF4B-00C04F79EFBC}") = "SanTropico.Brewing", "SanTropico.Brewing.csproj", "{086DC9F7-6FD6-4159-9EA6-510C69B46453}"
EndProject
Global
	GlobalSection(SolutionConfigurationPlatforms) = preSolution
		Debug|Any CPU = Debug|Any CPU
		Release|Any CPU = Release|Any CPU
	EndGlobalSection
	GlobalSection(ProjectConfigurationPlatforms) = postSolution
		{086DC9F7-6FD6-4159-9EA6-510C69B46453}.Debug|Any CPU.ActiveCfg = Debug|Any CPU
		{086DC9F7-6FD6-4159-9EA6-510C69B46453}.Debug|Any CPU.Build.0 = Debug|Any CPU
		{086DC9F7-6FD6-4159-9EA6-510C69B46453}.Release|Any CPU.ActiveCfg = Release|Any CPU
		{086DC9F7-6FD6-4159-9EA6-510C69B46453}.Release|Any CPU.Build.0 = Release|Any CPU
	EndGlobalSection
	GlobalSection(SolutionProperties) = preSolution
		HideSolutionNode = FALSE
	EndGlobalSection
	GlobalSection(ExtensibilityGlobals) = postSolution
		SolutionGuid = {E9032898-8625-4880-A88E-6358F981E83F}
	EndGlobalSection
EndGlobal
